github.com/PuerkitoBio/goquery v1.5.0 h1:uGvmFXOA73IKluu/F84Xd1tt/z07GYm8X49XKHP7EJk=
github.com/PuerkitoBio/goquery v1.5.0/go.mod h1:qD2PgZ9lccMbQlc7eEOjaeRlFQON7xY8kdmcsrnKqMg=
github.com/andybalholm/cascadia v1.0.0 h1:hOCXnnZ5A+3eVDX8pvgl4kofXv2ELss0bKcqRySc45o=
github.com/andybalholm/cascadia v1.0.0/go.mod h1:GsXiBklL0woXo1j/WYWtSYYC4ouU9PqHO0sqidkEA4Y=
github.com/andybalholm/cascadia v1.1.0 h1:BuuO6sSfQNFRu1LppgbD25Hr2vLYW25JvxHs5zzsLTo=
github.com/andybalholm/cascadia v1.1.0/go.mod h1:GsXiBklL0woXo1j/WYWtSYYC4ouU9PqHO0sqidkEA4Y=
github.com/aymerick/douceur v0.2.0 h1:Mv+mAeH1Q+n9Fr+oyamOlAkUNPWPlA8PPGR0QAaYuPk=
github.com/aymerick/douceur v0.2.0/go.mod h1:wlT5vV2O3h55X9m7iVYN0TBM0NH/MmbLnd30/FjWUq4=
github.com/domodwyer/mailyak v3.1.1+incompatible h1:oPtXn3+56LEFbdqH0bpuPRsqtijW9l2POpQe9sTUsSI=
github.com/domodwyer/mailyak v3.1.1+incompatible/go.mod h1:5NNYkn9hxcdNEOmmMx0yultN5VLorZQ+AWQo9iya+UY=
github.com/gorilla/css v1.0.0 h1:BQqNyPTi50JCFMTw/b67hByjMVXZRwGha6wxVGkeihY=
github.com/gorilla/css v1.0.0/go.mod h1:Dn721qIggHpt4+EFCcTLTU/vk5ySda2ReITrtgBl60c=
github.com/mattbaird/gochimp v0.0.0-20180111040707-a267553896d1 h1:dkQj0GZch2rk/ODbwy17kP5tbmPcMGiw1KYOi6Ni0/w=
github.com/mattbaird/gochimp v0.0.0-20180111040707-a267553896d1/go.mod h1:UaYd2gciRA1AoYEN6S+EiSNFK/0XHj9e1Wgloicgh6s=
github.com/mrz1836/postmark v1.2.3 h1:yvi8UesSpUhHc3fB30Yhe+fr78/0j0rbBATOVgz3GnM=
github.com/mrz1836/postmark v1.2.3/go.mod h1:JCDGKzJvuZGVcyhNxyRfAKp9gIDnGrCd+7nOXMaLiR0=
github.com/sourcegraph/go-ses v0.0.0-20160405160939-6bd8d17cf7c1 h1:2Ndulo7XO8FH6BqX62+FG9Hvl1uOBwDSrE6BAkTNHtA=
github.com/sourcegraph/go-ses v0.0.0-20160405160939-6bd8d17cf7c1/go.mod h1:7pQ21TK+WkdBIwDfMovYhmNyGeBduRj3S089GgpNQ3g=
goji.io v2.0.2+incompatible h1:uIssv/elbKRLznFUy3Xj4+2Mz/qKhek/9aZQDUMae7c=
goji.io v2.0.2+incompatible/go.mod h1:sbqFwrtqZACxLBTQcdgVjFh54yGVCvwq8+w49MVMMIk=
golang.org/x/crypto v0.0.0-20190308221718-c2843e01d9a2/go.mod h1:djNgcEr1/C05ACkg1iLfiJU5Ep61QUkGW8qpdssI0+w=
golang.org/x/net v0.0.0-20180218175443-cbe0f9307d01/go.mod h1:mL1N/T3taQHkDXs73rZJwtUhF3w3ftmwwsq0BUmARs4=
golang.org/x/net v0.0.0-20181114220301-adae6a3d119a/go.mod h1:mL1N/T3taQHkDXs73rZJwtUhF3w3ftmwwsq0BUmARs4=
golang.org/x/net v0.0.0-20200114155413-6afb5195e5aa h1:F+8P+gmewFQYRk6JoLQLwjBCTu3mcIURZfNkVweuRKA=
golang.org/x/net v0.0.0-20200114155413-6afb5195e5aa/go.mod h1:z5CRVTTTmAJ677TzLLGU+0bjPO0LkuOLi4/5GtJWs/s=
golang.org/x/sys v0.0.0-20190215142949-d0b11bdaac8a/go.mod h1:STP8DvDyc/dI5b8T5hshtkjS+E42TnysNCUPdjciGhY=
golang.org/x/text v0.3.0/go.mod h1:NqM8EUOU14njkJ3fqMW+pc6Ldnwhi/IjpwHt7yyuwOQ=
