# This file is autogenerated, do not edit; changes may be undone by the next 'dep ensure'.


[[projects]]
  digest = "1:07ab10d33d39d9ad203ab25c1ad9af3f20e8dabb888b52f1a0e15e69cbf5580c"
  name = "github.com/domodwyer/mailyak"
  packages = ["."]
  pruneopts = "NUT"
  revision = "89444b05799b115121931b3b6bd05e820e69dc8b"
  version = "v3.1.1"

[[projects]]
  branch = "master"
  digest = "1:c258187980f0038ca95c58dd19d4c0aae28826405e91de785c395d4b5d371f15"
  name = "github.com/mattbaird/gochimp"
  packages = ["."]
  pruneopts = "NUT"
  revision = "a267553896d1cbd0ccfc259ad5442e62bdc3d30d"

[[projects]]
  digest = "1:1bc0a207120a77ad250e1693918055ea0d9f6331d302204ed92c069c369cf27d"
  name = "github.com/mrz1836/postmark"
  packages = ["."]
  pruneopts = "NUT"
  revision = "52861d5381291af7117902b248f10aa29417d93c"
  version = "v1.2.1"

[[projects]]
  branch = "master"
  digest = "1:80175942217ce760cb9b9d68bf63e1a2749d0536fbb6f3282709050ceca4e9f4"
  name = "github.com/sourcegraph/go-ses"
  packages = ["."]
  pruneopts = "NUT"
  revision = "6bd8d17cf7c125859a7211ae8f44126af826104b"

[solve-meta]
  analyzer-name = "dep"
  analyzer-version = 1
  input-imports = [
    "github.com/domodwyer/mailyak",
    "github.com/mattbaird/gochimp",
    "github.com/mrz1836/postmark",
    "github.com/sourcegraph/go-ses",
  ]
  solver-name = "gps-cdcl"
  solver-version = 1
